
Microsoft Visual Studio Solution File, Format Version 12.00
# Visual Studio Version 17
VisualStudioVersion = 17.7.34202.233
MinimumVisualStudioVersion = 10.0.40219.1
Project("{FAE04EC0-301F-11D3-BF4B-00C04F79EFBC}") = "postman-helper", "postman-helper.csproj", "{C5641129-8AF6-45D7-AAE4-8293C38D4412}"
EndProject
Global
	GlobalSection(SolutionConfigurationPlatforms) = preSolution
		Debug|Any CPU = Debug|Any CPU
		Release|Any CPU = Release|Any CPU
	EndGlobalSection
	GlobalSection(ProjectConfigurationPlatforms) = postSolution
		{C5641129-8AF6-45D7-AAE4-8293C38D4412}.Debug|Any CPU.ActiveCfg = Debug|Any CPU
		{C5641129-8AF6-45D7-AAE4-8293C38D4412}.Debug|Any CPU.Build.0 = Debug|Any CPU
		{C5641129-8AF6-45D7-AAE4-8293C38D4412}.Release|Any CPU.ActiveCfg = Release|Any CPU
		{C5641129-8AF6-45D7-AAE4-8293C38D4412}.Release|Any CPU.Build.0 = Release|Any CPU
	EndGlobalSection
	GlobalSection(SolutionProperties) = preSolution
		HideSolutionNode = FALSE
	EndGlobalSection
	GlobalSection(ExtensibilityGlobals) = postSolution
		SolutionGuid = {D365E681-70BA-4F72-9C4F-4F97B6A16745}
	EndGlobalSection
EndGlobal
